
Microsoft Visual Studio Solution File, Format Version 12.00
# Visual Studio Version 17
VisualStudioVersion = 17.3.32819.101
MinimumVisualStudioVersion = 10.0.40219.1
Project("{FAE04EC0-301F-11D3-BF4B-00C04F79EFBC}") = "SimpleReflexAgents", "SimpleReflexAgents.csproj", "{9EC39226-3D05-47C4-9FD7-835442186D89}"
EndProject
Project("{9A19103F-16F7-4668-BE54-9A1E7A4F7556}") = "LowLevelGraphics", "..\..\LowLevelGraphics\LowLevelGraphics\LowLevelGraphics.csproj", "{7A061627-0E02-48E3-90C1-696A41DBA5C0}"
EndProject
Global
	GlobalSection(SolutionConfigurationPlatforms) = preSolution
		Debug|Any CPU = Debug|Any CPU
		Release|Any CPU = Release|Any CPU
	EndGlobalSection
	GlobalSection(ProjectConfigurationPlatforms) = postSolution
		{9EC39226-3D05-47C4-9FD7-835442186D89}.Debug|Any CPU.ActiveCfg = Debug|Any CPU
		{9EC39226-3D05-47C4-9FD7-835442186D89}.Debug|Any CPU.Build.0 = Debug|Any CPU
		{9EC39226-3D05-47C4-9FD7-835442186D89}.Release|Any CPU.ActiveCfg = Release|Any CPU
		{9EC39226-3D05-47C4-9FD7-835442186D89}.Release|Any CPU.Build.0 = Release|Any CPU
		{7A061627-0E02-48E3-90C1-696A41DBA5C0}.Debug|Any CPU.ActiveCfg = Debug|Any CPU
		{7A061627-0E02-48E3-90C1-696A41DBA5C0}.Debug|Any CPU.Build.0 = Debug|Any CPU
		{7A061627-0E02-48E3-90C1-696A41DBA5C0}.Release|Any CPU.ActiveCfg = Release|Any CPU
		{7A061627-0E02-48E3-90C1-696A41DBA5C0}.Release|Any CPU.Build.0 = Release|Any CPU
	EndGlobalSection
	GlobalSection(SolutionProperties) = preSolution
		HideSolutionNode = FALSE
	EndGlobalSection
	GlobalSection(ExtensibilityGlobals) = postSolution
		SolutionGuid = {864E3352-5E6B-46AF-A680-6DA9A1AE4887}
	EndGlobalSection
EndGlobal
